
Microsoft Visual Studio Solution File, Format Version 12.00
Project("{FAE04EC0-301F-11D3-BF4B-00C04F79EFBC}") = "Objects_Arrays_Handling", "Objects_Arrays_Handling\Objects_Arrays_Handling.csproj", "{228A46BE-4CC5-4D36-9029-8CF4A472C55F}"
EndProject
Global
	GlobalSection(SolutionConfigurationPlatforms) = preSolution
		Debug|Any CPU = Debug|Any CPU
		Release|Any CPU = Release|Any CPU
	EndGlobalSection
	GlobalSection(ProjectConfigurationPlatforms) = postSolution
		{228A46BE-4CC5-4D36-9029-8CF4A472C55F}.Debug|Any CPU.ActiveCfg = Debug|Any CPU
		{228A46BE-4CC5-4D36-9029-8CF4A472C55F}.Debug|Any CPU.Build.0 = Debug|Any CPU
		{228A46BE-4CC5-4D36-9029-8CF4A472C55F}.Release|Any CPU.ActiveCfg = Release|Any CPU
		{228A46BE-4CC5-4D36-9029-8CF4A472C55F}.Release|Any CPU.Build.0 = Release|Any CPU
	EndGlobalSection
EndGlobal
